
Microsoft Visual Studio Solution File, Format Version 12.00
# Visual Studio Version 17
VisualStudioVersion = 17.14.36327.8 d17.14
MinimumVisualStudioVersion = 10.0.40219.1
Project("{FAE04EC0-301F-11D3-BF4B-00C04F79EFBC}") = "NVI", "NVI\NVI.csproj", "{A6F39600-D8F4-41DF-A9E4-5A15FC491C31}"
EndProject
Global
	GlobalSection(SolutionConfigurationPlatforms) = preSolution
		Debug|Any CPU = Debug|Any CPU
		Release|Any CPU = Release|Any CPU
	EndGlobalSection
	GlobalSection(ProjectConfigurationPlatforms) = postSolution
		{A6F39600-D8F4-41DF-A9E4-5A15FC491C31}.Debug|Any CPU.ActiveCfg = Debug|Any CPU
		{A6F39600-D8F4-41DF-A9E4-5A15FC491C31}.Debug|Any CPU.Build.0 = Debug|Any CPU
		{A6F39600-D8F4-41DF-A9E4-5A15FC491C31}.Release|Any CPU.ActiveCfg = Release|Any CPU
		{A6F39600-D8F4-41DF-A9E4-5A15FC491C31}.Release|Any CPU.Build.0 = Release|Any CPU
	EndGlobalSection
	GlobalSection(SolutionProperties) = preSolution
		HideSolutionNode = FALSE
	EndGlobalSection
	GlobalSection(ExtensibilityGlobals) = postSolution
		SolutionGuid = {7475E501-66D7-4C70-AFE8-24D4B5033C39}
	EndGlobalSection
EndGlobal
